
Microsoft Visual Studio Solution File, Format Version 12.00
# Visual Studio 14
VisualStudioVersion = 14.0.23107.0
MinimumVisualStudioVersion = 10.0.40219.1
Project("{FAE04EC0-301F-11D3-BF4B-00C04F79EFBC}") = "NewTask", "NewTask\NewTask.csproj", "{E5CADBF1-0EF0-4127-96FE-AAD5F4CFDB61}"
EndProject
Project("{2150E333-8FDC-42A3-9474-1A3956D46DE8}") = "Solution Items", "Solution Items", "{B3DC46CF-7B12-4B9D-9048-B65BCC6AB1E4}"
EndProject
Global
	GlobalSection(SolutionConfigurationPlatforms) = preSolution
		Debug|Any CPU = Debug|Any CPU
		Release|Any CPU = Release|Any CPU
	EndGlobalSection
	GlobalSection(ProjectConfigurationPlatforms) = postSolution
		{E5CADBF1-0EF0-4127-96FE-AAD5F4CFDB61}.Debug|Any CPU.ActiveCfg = Debug|Any CPU
		{E5CADBF1-0EF0-4127-96FE-AAD5F4CFDB61}.Debug|Any CPU.Build.0 = Debug|Any CPU
		{E5CADBF1-0EF0-4127-96FE-AAD5F4CFDB61}.Release|Any CPU.ActiveCfg = Release|Any CPU
		{E5CADBF1-0EF0-4127-96FE-AAD5F4CFDB61}.Release|Any CPU.Build.0 = Release|Any CPU
	EndGlobalSection
	GlobalSection(SolutionProperties) = preSolution
		HideSolutionNode = FALSE
	EndGlobalSection
EndGlobal
